
Microsoft Visual Studio Solution File, Format Version 12.00
# Visual Studio 15
VisualStudioVersion = 15.0.28010.2041
MinimumVisualStudioVersion = 10.0.40219.1
Project("{9A19103F-16F7-4668-BE54-9A1E7A4F7556}") = "GetEvaluationRequest", "GetEvaluationRequest\GetEvaluationRequest.csproj", "{3EB95349-EE3B-4861-9F97-F3C7295238D0}"
EndProject
Project("{9A19103F-16F7-4668-BE54-9A1E7A4F7556}") = "GetRequiredPeriod", "GetRequiredPeriod\GetRequiredPeriod.csproj", "{21A1DD08-C71B-4E2A-8CB5-B0D26D1D6F24}"
EndProject
Project("{151D2E53-A2C4-4D7D-83FE-D05416EBD58E}") = "DeficienciesApp", "DeficienciesApp\DeficienciesApp.deployproj", "{00B99911-4474-44C4-B966-6558A2099576}"
EndProject
Project("{FAE04EC0-301F-11D3-BF4B-00C04F79EFBC}") = "WriteToTopic", "WriteToTopic\WriteToTopic.csproj", "{B6456720-A8B9-4684-84BE-029CD10FFB00}"
EndProject
Project("{FAE04EC0-301F-11D3-BF4B-00C04F79EFBC}") = "ReadFromTopic", "ReadFromTopic\ReadFromTopic.csproj", "{0F121BD9-A26E-48AA-8628-67B0987EDA31}"
EndProject
Global
	GlobalSection(SolutionConfigurationPlatforms) = preSolution
		Debug|Any CPU = Debug|Any CPU
		Release|Any CPU = Release|Any CPU
	EndGlobalSection
	GlobalSection(ProjectConfigurationPlatforms) = postSolution
		{3EB95349-EE3B-4861-9F97-F3C7295238D0}.Debug|Any CPU.ActiveCfg = Debug|Any CPU
		{3EB95349-EE3B-4861-9F97-F3C7295238D0}.Debug|Any CPU.Build.0 = Debug|Any CPU
		{3EB95349-EE3B-4861-9F97-F3C7295238D0}.Release|Any CPU.ActiveCfg = Release|Any CPU
		{3EB95349-EE3B-4861-9F97-F3C7295238D0}.Release|Any CPU.Build.0 = Release|Any CPU
		{21A1DD08-C71B-4E2A-8CB5-B0D26D1D6F24}.Debug|Any CPU.ActiveCfg = Debug|Any CPU
		{21A1DD08-C71B-4E2A-8CB5-B0D26D1D6F24}.Debug|Any CPU.Build.0 = Debug|Any CPU
		{21A1DD08-C71B-4E2A-8CB5-B0D26D1D6F24}.Release|Any CPU.ActiveCfg = Release|Any CPU
		{21A1DD08-C71B-4E2A-8CB5-B0D26D1D6F24}.Release|Any CPU.Build.0 = Release|Any CPU
		{00B99911-4474-44C4-B966-6558A2099576}.Debug|Any CPU.ActiveCfg = Debug|Any CPU
		{00B99911-4474-44C4-B966-6558A2099576}.Debug|Any CPU.Build.0 = Debug|Any CPU
		{00B99911-4474-44C4-B966-6558A2099576}.Release|Any CPU.ActiveCfg = Release|Any CPU
		{00B99911-4474-44C4-B966-6558A2099576}.Release|Any CPU.Build.0 = Release|Any CPU
		{B6456720-A8B9-4684-84BE-029CD10FFB00}.Debug|Any CPU.ActiveCfg = Debug|Any CPU
		{B6456720-A8B9-4684-84BE-029CD10FFB00}.Debug|Any CPU.Build.0 = Debug|Any CPU
		{B6456720-A8B9-4684-84BE-029CD10FFB00}.Release|Any CPU.ActiveCfg = Release|Any CPU
		{B6456720-A8B9-4684-84BE-029CD10FFB00}.Release|Any CPU.Build.0 = Release|Any CPU
		{0F121BD9-A26E-48AA-8628-67B0987EDA31}.Debug|Any CPU.ActiveCfg = Debug|Any CPU
		{0F121BD9-A26E-48AA-8628-67B0987EDA31}.Debug|Any CPU.Build.0 = Debug|Any CPU
		{0F121BD9-A26E-48AA-8628-67B0987EDA31}.Release|Any CPU.ActiveCfg = Release|Any CPU
		{0F121BD9-A26E-48AA-8628-67B0987EDA31}.Release|Any CPU.Build.0 = Release|Any CPU
	EndGlobalSection
	GlobalSection(SolutionProperties) = preSolution
		HideSolutionNode = FALSE
	EndGlobalSection
	GlobalSection(ExtensibilityGlobals) = postSolution
		SolutionGuid = {2FDDDEF5-DB60-4C86-BEF5-2D47FF39569C}
	EndGlobalSection
EndGlobal
